
Microsoft Visual Studio Solution File, Format Version 12.00
# Visual Studio Version 16
VisualStudioVersion = 16.0.31129.286
MinimumVisualStudioVersion = 10.0.40219.1
Project("{FAE04EC0-301F-11D3-BF4B-00C04F79EFBC}") = "MailApp.Android", "MailApp\MailApp.Android\MailApp.Android.csproj", "{2A124816-5920-4FF4-A791-9BC2F9FD7FE4}"
EndProject
Project("{FAE04EC0-301F-11D3-BF4B-00C04F79EFBC}") = "MailApp.iOS", "MailApp\MailApp.iOS\MailApp.iOS.csproj", "{82670352-750E-474C-9553-729B4C6ABD10}"
EndProject
Project("{FAE04EC0-301F-11D3-BF4B-00C04F79EFBC}") = "MailApp", "MailApp\MailApp\MailApp.csproj", "{CDA2A794-D8AB-4D4C-A76A-5B4AA1BAD4F3}"
EndProject
Global
	GlobalSection(SolutionConfigurationPlatforms) = preSolution
		Debug|Any CPU = Debug|Any CPU
		Debug|iPhone = Debug|iPhone
		Debug|iPhoneSimulator = Debug|iPhoneSimulator
		Release|Any CPU = Release|Any CPU
		Release|iPhone = Release|iPhone
		Release|iPhoneSimulator = Release|iPhoneSimulator
	EndGlobalSection
	GlobalSection(ProjectConfigurationPlatforms) = postSolution
		{2A124816-5920-4FF4-A791-9BC2F9FD7FE4}.Debug|Any CPU.ActiveCfg = Debug|Any CPU
		{2A124816-5920-4FF4-A791-9BC2F9FD7FE4}.Debug|Any CPU.Build.0 = Debug|Any CPU
		{2A124816-5920-4FF4-A791-9BC2F9FD7FE4}.Debug|Any CPU.Deploy.0 = Debug|Any CPU
		{2A124816-5920-4FF4-A791-9BC2F9FD7FE4}.Debug|iPhone.ActiveCfg = Debug|Any CPU
		{2A124816-5920-4FF4-A791-9BC2F9FD7FE4}.Debug|iPhone.Build.0 = Debug|Any CPU
		{2A124816-5920-4FF4-A791-9BC2F9FD7FE4}.Debug|iPhone.Deploy.0 = Debug|Any CPU
		{2A124816-5920-4FF4-A791-9BC2F9FD7FE4}.Debug|iPhoneSimulator.ActiveCfg = Debug|Any CPU
		{2A124816-5920-4FF4-A791-9BC2F9FD7FE4}.Debug|iPhoneSimulator.Build.0 = Debug|Any CPU
		{2A124816-5920-4FF4-A791-9BC2F9FD7FE4}.Debug|iPhoneSimulator.Deploy.0 = Debug|Any CPU
		{2A124816-5920-4FF4-A791-9BC2F9FD7FE4}.Release|Any CPU.ActiveCfg = Release|Any CPU
		{2A124816-5920-4FF4-A791-9BC2F9FD7FE4}.Release|Any CPU.Build.0 = Release|Any CPU
		{2A124816-5920-4FF4-A791-9BC2F9FD7FE4}.Release|Any CPU.Deploy.0 = Release|Any CPU
		{2A124816-5920-4FF4-A791-9BC2F9FD7FE4}.Release|iPhone.ActiveCfg = Release|Any CPU
		{2A124816-5920-4FF4-A791-9BC2F9FD7FE4}.Release|iPhone.Build.0 = Release|Any CPU
		{2A124816-5920-4FF4-A791-9BC2F9FD7FE4}.Release|iPhone.Deploy.0 = Release|Any CPU
		{2A124816-5920-4FF4-A791-9BC2F9FD7FE4}.Release|iPhoneSimulator.ActiveCfg = Release|Any CPU
		{2A124816-5920-4FF4-A791-9BC2F9FD7FE4}.Release|iPhoneSimulator.Build.0 = Release|Any CPU
		{2A124816-5920-4FF4-A791-9BC2F9FD7FE4}.Release|iPhoneSimulator.Deploy.0 = Release|Any CPU
		{82670352-750E-474C-9553-729B4C6ABD10}.Debug|Any CPU.ActiveCfg = Debug|iPhone
		{82670352-750E-474C-9553-729B4C6ABD10}.Debug|Any CPU.Build.0 = Debug|iPhone
		{82670352-750E-474C-9553-729B4C6ABD10}.Debug|Any CPU.Deploy.0 = Debug|iPhone
		{82670352-750E-474C-9553-729B4C6ABD10}.Debug|iPhone.ActiveCfg = Debug|iPhone
		{82670352-750E-474C-9553-729B4C6ABD10}.Debug|iPhone.Build.0 = Debug|iPhone
		{82670352-750E-474C-9553-729B4C6ABD10}.Debug|iPhone.Deploy.0 = Debug|iPhone
		{82670352-750E-474C-9553-729B4C6ABD10}.Debug|iPhoneSimulator.ActiveCfg = Debug|iPhoneSimulator
		{82670352-750E-474C-9553-729B4C6ABD10}.Debug|iPhoneSimulator.Build.0 = Debug|iPhoneSimulator
		{82670352-750E-474C-9553-729B4C6ABD10}.Debug|iPhoneSimulator.Deploy.0 = Debug|iPhoneSimulator
		{82670352-750E-474C-9553-729B4C6ABD10}.Release|Any CPU.ActiveCfg = Release|iPhoneSimulator
		{82670352-750E-474C-9553-729B4C6ABD10}.Release|Any CPU.Build.0 = Release|iPhoneSimulator
		{82670352-750E-474C-9553-729B4C6ABD10}.Release|Any CPU.Deploy.0 = Release|iPhoneSimulator
		{82670352-750E-474C-9553-729B4C6ABD10}.Release|iPhone.ActiveCfg = Release|iPhone
		{82670352-750E-474C-9553-729B4C6ABD10}.Release|iPhone.Build.0 = Release|iPhone
		{82670352-750E-474C-9553-729B4C6ABD10}.Release|iPhone.Deploy.0 = Release|iPhone
		{82670352-750E-474C-9553-729B4C6ABD10}.Release|iPhoneSimulator.ActiveCfg = Release|iPhoneSimulator
		{82670352-750E-474C-9553-729B4C6ABD10}.Release|iPhoneSimulator.Build.0 = Release|iPhoneSimulator
		{82670352-750E-474C-9553-729B4C6ABD10}.Release|iPhoneSimulator.Deploy.0 = Release|iPhoneSimulator
		{CDA2A794-D8AB-4D4C-A76A-5B4AA1BAD4F3}.Debug|Any CPU.ActiveCfg = Debug|Any CPU
		{CDA2A794-D8AB-4D4C-A76A-5B4AA1BAD4F3}.Debug|Any CPU.Build.0 = Debug|Any CPU
		{CDA2A794-D8AB-4D4C-A76A-5B4AA1BAD4F3}.Debug|Any CPU.Deploy.0 = Debug|Any CPU
		{CDA2A794-D8AB-4D4C-A76A-5B4AA1BAD4F3}.Debug|iPhone.ActiveCfg = Debug|Any CPU
		{CDA2A794-D8AB-4D4C-A76A-5B4AA1BAD4F3}.Debug|iPhone.Build.0 = Debug|Any CPU
		{CDA2A794-D8AB-4D4C-A76A-5B4AA1BAD4F3}.Debug|iPhone.Deploy.0 = Debug|Any CPU
		{CDA2A794-D8AB-4D4C-A76A-5B4AA1BAD4F3}.Debug|iPhoneSimulator.ActiveCfg = Debug|Any CPU
		{CDA2A794-D8AB-4D4C-A76A-5B4AA1BAD4F3}.Debug|iPhoneSimulator.Build.0 = Debug|Any CPU
		{CDA2A794-D8AB-4D4C-A76A-5B4AA1BAD4F3}.Debug|iPhoneSimulator.Deploy.0 = Debug|Any CPU
		{CDA2A794-D8AB-4D4C-A76A-5B4AA1BAD4F3}.Release|Any CPU.ActiveCfg = Release|Any CPU
		{CDA2A794-D8AB-4D4C-A76A-5B4AA1BAD4F3}.Release|Any CPU.Build.0 = Release|Any CPU
		{CDA2A794-D8AB-4D4C-A76A-5B4AA1BAD4F3}.Release|Any CPU.Deploy.0 = Release|Any CPU
		{CDA2A794-D8AB-4D4C-A76A-5B4AA1BAD4F3}.Release|iPhone.ActiveCfg = Release|Any CPU
		{CDA2A794-D8AB-4D4C-A76A-5B4AA1BAD4F3}.Release|iPhone.Build.0 = Release|Any CPU
		{CDA2A794-D8AB-4D4C-A76A-5B4AA1BAD4F3}.Release|iPhone.Deploy.0 = Release|Any CPU
		{CDA2A794-D8AB-4D4C-A76A-5B4AA1BAD4F3}.Release|iPhoneSimulator.ActiveCfg = Release|Any CPU
		{CDA2A794-D8AB-4D4C-A76A-5B4AA1BAD4F3}.Release|iPhoneSimulator.Build.0 = Release|Any CPU
		{CDA2A794-D8AB-4D4C-A76A-5B4AA1BAD4F3}.Release|iPhoneSimulator.Deploy.0 = Release|Any CPU
	EndGlobalSection
	GlobalSection(SolutionProperties) = preSolution
		HideSolutionNode = FALSE
	EndGlobalSection
	GlobalSection(ExtensibilityGlobals) = postSolution
		SolutionGuid = {E6AE3067-F330-4685-BF3A-E13F36F00DAC}
	EndGlobalSection
EndGlobal
